// !$*UTF8*$!
{
	archiveVersion = 1;
	classes = {
	};
	objectVersion = 50;
	objects = {

/* Begin PBXBuildFile section */
		B538922B26AAD06C0002DA36 /* MainViewController.swift in Sources */ = {isa = PBXBuildFile; fileRef = B538922A26AAD06C0002DA36 /* MainViewController.swift */; };
		B5A86D3B2698845900BD2DDA /* AppDelegate.swift in Sources */ = {isa = PBXBuildFile; fileRef = B5A86D3A2698845900BD2DDA /* AppDelegate.swift */; };
		B5A86D3D2698845900BD2DDA /* SceneDelegate.swift in Sources */ = {isa = PBXBuildFile; fileRef = B5A86D3C2698845900BD2DDA /* SceneDelegate.swift */; };
		B5A86D3F2698845900BD2DDA /* SettingsViewController.swift in Sources */ = {isa = PBXBuildFile; fileRef = B5A86D3E2698845900BD2DDA /* SettingsViewController.swift */; };
		B5A86D422698845900BD2DDA /* Main.storyboard in Resources */ = {isa = PBXBuildFile; fileRef = B5A86D402698845900BD2DDA /* Main.storyboard */; };
		B5A86D442698845A00BD2DDA /* Assets.xcassets in Resources */ = {isa = PBXBuildFile; fileRef = B5A86D432698845A00BD2DDA /* Assets.xcassets */; };
		B5A86D472698845A00BD2DDA /* LaunchScreen.storyboard in Resources */ = {isa = PBXBuildFile; fileRef = B5A86D452698845A00BD2DDA /* LaunchScreen.storyboard */; };
/* End PBXBuildFile section */

/* Begin PBXFileReference section */
		B538922A26AAD06C0002DA36 /* MainViewController.swift */ = {isa = PBXFileReference; lastKnownFileType = sourcecode.swift; path = MainViewController.swift; sourceTree = "<group>"; };
		B5A86D372698845900BD2DDA /* HomeWorkProject_2.2.app */ = {isa = PBXFileReference; explicitFileType = wrapper.application; includeInIndex = 0; path = HomeWorkProject_2.2.app; sourceTree = BUILT_PRODUCTS_DIR; };
		B5A86D3A2698845900BD2DDA /* AppDelegate.swift */ = {isa = PBXFileReference; lastKnownFileType = sourcecode.swift; path = AppDelegate.swift; sourceTree = "<group>"; };
		B5A86D3C2698845900BD2DDA /* SceneDelegate.swift */ = {isa = PBXFileReference; lastKnownFileType = sourcecode.swift; path = SceneDelegate.swift; sourceTree = "<group>"; };
		B5A86D3E2698845900BD2DDA /* SettingsViewController.swift */ = {isa = PBXFileReference; lastKnownFileType = sourcecode.swift; path = SettingsViewController.swift; sourceTree = "<group>"; };
		B5A86D412698845900BD2DDA /* Base */ = {isa = PBXFileReference; lastKnownFileType = file.storyboard; name = Base; path = Base.lproj/Main.storyboard; sourceTree = "<group>"; };
		B5A86D432698845A00BD2DDA /* Assets.xcassets */ = {isa = PBXFileReference; lastKnownFileType = folder.assetcatalog; path = Assets.xcassets; sourceTree = "<group>"; };
		B5A86D462698845A00BD2DDA /* Base */ = {isa = PBXFileReference; lastKnownFileType = file.storyboard; name = Base; path = Base.lproj/LaunchScreen.storyboard; sourceTree = "<group>"; };
		B5A86D482698845A00BD2DDA /* Info.plist */ = {isa = PBXFileReference; lastKnownFileType = text.plist.xml; path = Info.plist; sourceTree = "<group>"; };
/* End PBXFileReference section */

/* Begin PBXFrameworksBuildPhase section */
		B5A86D342698845800BD2DDA /* Frameworks */ = {
			isa = PBXFrameworksBuildPhase;
			buildActionMask = 2147483647;
			files = (
			);
			runOnlyForDeploymentPostprocessing = 0;
		};
/* End PBXFrameworksBuildPhase section */

/* Begin PBXGroup section */
		B538922E26AAD0870002DA36 /* View Controllers */ = {
			isa = PBXGroup;
			children = (
				B538922A26AAD06C0002DA36 /* MainViewController.swift */,
				B5A86D3E2698845900BD2DDA /* SettingsViewController.swift */,
			);
			path = "View Controllers";
			sourceTree = "<group>";
		};
		B538922F26AAD0A10002DA36 /* Storyboards */ = {
			isa = PBXGroup;
			children = (
				B5A86D402698845900BD2DDA /* Main.storyboard */,
				B5A86D452698845A00BD2DDA /* LaunchScreen.storyboard */,
			);
			path = Storyboards;
			sourceTree = "<group>";
		};
		B5A86D2E2698845800BD2DDA = {
			isa = PBXGroup;
			children = (
				B5A86D392698845900BD2DDA /* HomeWorkProject_2.2 */,
				B5A86D382698845900BD2DDA /* Products */,
			);
			sourceTree = "<group>";
		};
		B5A86D382698845900BD2DDA /* Products */ = {
			isa = PBXGroup;
			children = (
				B5A86D372698845900BD2DDA /* HomeWorkProject_2.2.app */,
			);
			name = Products;
			sourceTree = "<group>";
		};
		B5A86D392698845900BD2DDA /* HomeWorkProject_2.2 */ = {
			isa = PBXGroup;
			children = (
				B538922E26AAD0870002DA36 /* View Controllers */,
				B538922F26AAD0A10002DA36 /* Storyboards */,
				B5A86D3A2698845900BD2DDA /* AppDelegate.swift */,
				B5A86D3C2698845900BD2DDA /* SceneDelegate.swift */,
				B5A86D432698845A00BD2DDA /* Assets.xcassets */,
				B5A86D482698845A00BD2DDA /* Info.plist */,
			);
			path = HomeWorkProject_2.2;
			sourceTree = "<group>";
		};
/* End PBXGroup section */

/* Begin PBXNativeTarget section */
		B5A86D362698845800BD2DDA /* HomeWorkProject_2.2 */ = {
			isa = PBXNativeTarget;
			buildConfigurationList = B5A86D4B2698845A00BD2DDA /* Build configuration list for PBXNativeTarget "HomeWorkProject_2.2" */;
			buildPhases = (
				B5A86D332698845800BD2DDA /* Sources */,
				B5A86D342698845800BD2DDA /* Frameworks */,
				B5A86D352698845800BD2DDA /* Resources */,
			);
			buildRules = (
			);
			dependencies = (
			);
			name = HomeWorkProject_2.2;
			productName = HomeWorkProject_2.2;
			productReference = B5A86D372698845900BD2DDA /* HomeWorkProject_2.2.app */;
			productType = "com.apple.product-type.application";
		};
/* End PBXNativeTarget section */

/* Begin PBXProject section */
		B5A86D2F2698845800BD2DDA /* Project object */ = {
			isa = PBXProject;
			attributes = {
				LastSwiftUpdateCheck = 1240;
				LastUpgradeCheck = 1240;
				TargetAttributes = {
					B5A86D362698845800BD2DDA = {
						CreatedOnToolsVersion = 12.4;
					};
				};
			};
			buildConfigurationList = B5A86D322698845800BD2DDA /* Build configuration list for PBXProject "HomeWorkProject_2.2" */;
			compatibilityVersion = "Xcode 9.3";
			developmentRegion = en;
			hasScannedForEncodings = 0;
			knownRegions = (
				en,
				Base,
			);
			mainGroup = B5A86D2E2698845800BD2DDA;
			productRefGroup = B5A86D382698845900BD2DDA /* Products */;
			projectDirPath = "";
			projectRoot = "";
			targets = (
				B5A86D362698845800BD2DDA /* HomeWorkProject_2.2 */,
			);
		};
/* End PBXProject section */

/* Begin PBXResourcesBuildPhase section */
		B5A86D352698845800BD2DDA /* Resources */ = {
			isa = PBXResourcesBuildPhase;
			buildActionMask = 2147483647;
			files = (
				B5A86D472698845A00BD2DDA /* LaunchScreen.storyboard in Resources */,
				B5A86D442698845A00BD2DDA /* Assets.xcassets in Resources */,
				B5A86D422698845900BD2DDA /* Main.storyboard in Resources */,
			);
			runOnlyForDeploymentPostprocessing = 0;
		};
/* End PBXResourcesBuildPhase section */

/* Begin PBXSourcesBuildPhase section */
		B5A86D332698845800BD2DDA /* Sources */ = {
			isa = PBXSourcesBuildPhase;
			buildActionMask = 2147483647;
			files = (
				B5A86D3F2698845900BD2DDA /* SettingsViewController.swift in Sources */,
				B5A86D3B2698845900BD2DDA /* AppDelegate.swift in Sources */,
				B538922B26AAD06C0002DA36 /* MainViewController.swift in Sources */,
				B5A86D3D2698845900BD2DDA /* SceneDelegate.swift in Sources */,
			);
			runOnlyForDeploymentPostprocessing = 0;
		};
/* End PBXSourcesBuildPhase section */

/* Begin PBXVariantGroup section */
		B5A86D402698845900BD2DDA /* Main.storyboard */ = {
			isa = PBXVariantGroup;
			children = (
				B5A86D412698845900BD2DDA /* Base */,
			);
			name = Main.storyboard;
			sourceTree = "<group>";
		};
		B5A86D452698845A00BD2DDA /* LaunchScreen.storyboard */ = {
			isa = PBXVariantGroup;
			children = (
				B5A86D462698845A00BD2DDA /* Base */,
			);
			name = LaunchScreen.storyboard;
			sourceTree = "<group>";
		};
/* End PBXVariantGroup section */

/* Begin XCBuildConfiguration section */
		B5A86D492698845A00BD2DDA /* Debug */ = {
			isa = XCBuildConfiguration;
			buildSettings = {
				ALWAYS_SEARCH_USER_PATHS = NO;
				CLANG_ANALYZER_NONNULL = YES;
				CLANG_ANALYZER_NUMBER_OBJECT_CONVERSION = YES_AGGRESSIVE;
				CLANG_CXX_LANGUAGE_STANDARD = "gnu++14";
				CLANG_CXX_LIBRARY = "libc++";
				CLANG_ENABLE_MODULES = YES;
				CLANG_ENABLE_OBJC_ARC = YES;
				CLANG_ENABLE_OBJC_WEAK = YES;
				CLANG_WARN_BLOCK_CAPTURE_AUTORELEASING = YES;
				CLANG_WARN_BOOL_CONVERSION = YES;
				CLANG_WARN_COMMA = YES;
				CLANG_WARN_CONSTANT_CONVERSION = YES;
				CLANG_WARN_DEPRECATED_OBJC_IMPLEMENTATIONS = YES;
				CLANG_WARN_DIRECT_OBJC_ISA_USAGE = YES_ERROR;
				CLANG_WARN_DOCUMENTATION_COMMENTS = YES;
				CLANG_WARN_EMPTY_BODY = YES;
				CLANG_WARN_ENUM_CONVERSION = YES;
				CLANG_WARN_INFINITE_RECURSION = YES;
				CLANG_WARN_INT_CONVERSION = YES;
				CLANG_WARN_NON_LITERAL_NULL_CONVERSION = YES;
				CLANG_WARN_OBJC_IMPLICIT_RETAIN_SELF = YES;
				CLANG_WARN_OBJC_LITERAL_CONVERSION = YES;
				CLANG_WARN_OBJC_ROOT_CLASS = YES_ERROR;
				CLANG_WARN_QUOTED_INCLUDE_IN_FRAMEWORK_HEADER = YES;
				CLANG_WARN_RANGE_LOOP_ANALYSIS = YES;
				CLANG_WARN_STRICT_PROTOTYPES = YES;
				CLANG_WARN_SUSPICIOUS_MOVE = YES;
				CLANG_WARN_UNGUARDED_AVAILABILITY = YES_AGGRESSIVE;
				CLANG_WARN_UNREACHABLE_CODE = YES;
				CLANG_WARN__DUPLICATE_METHOD_MATCH = YES;
				COPY_PHASE_STRIP = NO;
				DEBUG_INFORMATION_FORMAT = dwarf;
				ENABLE_STRICT_OBJC_MSGSEND = YES;
				ENABLE_TESTABILITY = YES;
				GCC_C_LANGUAGE_STANDARD = gnu11;
				GCC_DYNAMIC_NO_PIC = NO;
				GCC_NO_COMMON_BLOCKS = YES;
				GCC_OPTIMIZATION_LEVEL = 0;
				GCC_PREPROCESSOR_DEFINITIONS = (
					"DEBUG=1",
					"$(inherited)",
				);
				GCC_WARN_64_TO_32_BIT_CONVERSION = YES;
				GCC_WARN_ABOUT_RETURN_TYPE = YES_ERROR;
				GCC_WARN_UNDECLARED_SELECTOR = YES;
				GCC_WARN_UNINITIALIZED_AUTOS = YES_AGGRESSIVE;
				GCC_WARN_UNUSED_FUNCTION = YES;
				GCC_WARN_UNUSED_VARIABLE = YES;
				IPHONEOS_DEPLOYMENT_TARGET = 14.4;
				MTL_ENABLE_DEBUG_INFO = INCLUDE_SOURCE;
				MTL_FAST_MATH = YES;
				ONLY_ACTIVE_ARCH = YES;
				SDKROOT = iphoneos;
				SWIFT_ACTIVE_COMPILATION_CONDITIONS = DEBUG;
				SWIFT_OPTIMIZATION_LEVEL = "-Onone";
			};
			name = Debug;
		};
		B5A86D4A2698845A00BD2DDA /* Release */ = {
			isa = XCBuildConfiguration;
			buildSettings = {
				ALWAYS_SEARCH_USER_PATHS = NO;
				CLANG_ANALYZER_NONNULL = YES;
				CLANG_ANALYZER_NUMBER_OBJECT_CONVERSION = YES_AGGRESSIVE;
				CLANG_CXX_LANGUAGE_STANDARD = "gnu++14";
				CLANG_CXX_LIBRARY = "libc++";
				CLANG_ENABLE_MODULES = YES;
				CLANG_ENABLE_OBJC_ARC = YES;
				CLANG_ENABLE_OBJC_WEAK = YES;
				CLANG_WARN_BLOCK_CAPTURE_AUTORELEASING = YES;
				CLANG_WARN_BOOL_CONVERSION = YES;
				CLANG_WARN_COMMA = YES;
				CLANG_WARN_CONSTANT_CONVERSION = YES;
				CLANG_WARN_DEPRECATED_OBJC_IMPLEMENTATIONS = YES;
				CLANG_WARN_DIRECT_OBJC_ISA_USAGE = YES_ERROR;
				CLANG_WARN_DOCUMENTATION_COMMENTS = YES;
				CLANG_WARN_EMPTY_BODY = YES;
				CLANG_WARN_ENUM_CONVERSION = YES;
				CLANG_WARN_INFINITE_RECURSION = YES;
				CLANG_WARN_INT_CONVERSION = YES;
				CLANG_WARN_NON_LITERAL_NULL_CONVERSION = YES;
				CLANG_WARN_OBJC_IMPLICIT_RETAIN_SELF = YES;
				CLANG_WARN_OBJC_LITERAL_CONVERSION = YES;
				CLANG_WARN_OBJC_ROOT_CLASS = YES_ERROR;
				CLANG_WARN_QUOTED_INCLUDE_IN_FRAMEWORK_HEADER = YES;
				CLANG_WARN_RANGE_LOOP_ANALYSIS = YES;
				CLANG_WARN_STRICT_PROTOTYPES = YES;
				CLANG_WARN_SUSPICIOUS_MOVE = YES;
				CLANG_WARN_UNGUARDED_AVAILABILITY = YES_AGGRESSIVE;
				CLANG_WARN_UNREACHABLE_CODE = YES;
				CLANG_WARN__DUPLICATE_METHOD_MATCH = YES;
				COPY_PHASE_STRIP = NO;
				DEBUG_INFORMATION_FORMAT = "dwarf-with-dsym";
				ENABLE_NS_ASSERTIONS = NO;
				ENABLE_STRICT_OBJC_MSGSEND = YES;
				GCC_C_LANGUAGE_STANDARD = gnu11;
				GCC_NO_COMMON_BLOCKS = YES;
				GCC_WARN_64_TO_32_BIT_CONVERSION = YES;
				GCC_WARN_ABOUT_RETURN_TYPE = YES_ERROR;
				GCC_WARN_UNDECLARED_SELECTOR = YES;
				GCC_WARN_UNINITIALIZED_AUTOS = YES_AGGRESSIVE;
				GCC_WARN_UNUSED_FUNCTION = YES;
				GCC_WARN_UNUSED_VARIABLE = YES;
				IPHONEOS_DEPLOYMENT_TARGET = 14.4;
				MTL_ENABLE_DEBUG_INFO = NO;
				MTL_FAST_MATH = YES;
				SDKROOT = iphoneos;
				SWIFT_COMPILATION_MODE = wholemodule;
				SWIFT_OPTIMIZATION_LEVEL = "-O";
				VALIDATE_PRODUCT = YES;
			};
			name = Release;
		};
		B5A86D4C2698845A00BD2DDA /* Debug */ = {
			isa = XCBuildConfiguration;
			buildSettings = {
				ASSETCATALOG_COMPILER_APPICON_NAME = AppIcon;
				ASSETCATALOG_COMPILER_GLOBAL_ACCENT_COLOR_NAME = AccentColor;
				CODE_SIGN_STYLE = Automatic;
				DEVELOPMENT_TEAM = WV9SZ4237Z;
				INFOPLIST_FILE = HomeWorkProject_2.2/Info.plist;
				LD_RUNPATH_SEARCH_PATHS = (
					"$(inherited)",
					"@executable_path/Frameworks",
				);
				PRODUCT_BUNDLE_IDENTIFIER = "MaximGoryachkin.HomeWorkProject-2-2";
				PRODUCT_NAME = "$(TARGET_NAME)";
				SWIFT_VERSION = 5.0;
				TARGETED_DEVICE_FAMILY = "1,2";
			};
			name = Debug;
		};
		B5A86D4D2698845A00BD2DDA /* Release */ = {
			isa = XCBuildConfiguration;
			buildSettings = {
				ASSETCATALOG_COMPILER_APPICON_NAME = AppIcon;
				ASSETCATALOG_COMPILER_GLOBAL_ACCENT_COLOR_NAME = AccentColor;
				CODE_SIGN_STYLE = Automatic;
				DEVELOPMENT_TEAM = WV9SZ4237Z;
				INFOPLIST_FILE = HomeWorkProject_2.2/Info.plist;
				LD_RUNPATH_SEARCH_PATHS = (
					"$(inherited)",
					"@executable_path/Frameworks",
				);
				PRODUCT_BUNDLE_IDENTIFIER = "MaximGoryachkin.HomeWorkProject-2-2";
				PRODUCT_NAME = "$(TARGET_NAME)";
				SWIFT_VERSION = 5.0;
				TARGETED_DEVICE_FAMILY = "1,2";
			};
			name = Release;
		};
/* End XCBuildConfiguration section */

/* Begin XCConfigurationList section */
		B5A86D322698845800BD2DDA /* Build configuration list for PBXProject "HomeWorkProject_2.2" */ = {
			isa = XCConfigurationList;
			buildConfigurations = (
				B5A86D492698845A00BD2DDA /* Debug */,
				B5A86D4A2698845A00BD2DDA /* Release */,
			);
			defaultConfigurationIsVisible = 0;
			defaultConfigurationName = Release;
		};
		B5A86D4B2698845A00BD2DDA /* Build configuration list for PBXNativeTarget "HomeWorkProject_2.2" */ = {
			isa = XCConfigurationList;
			buildConfigurations = (
				B5A86D4C2698845A00BD2DDA /* Debug */,
				B5A86D4D2698845A00BD2DDA /* Release */,
			);
			defaultConfigurationIsVisible = 0;
			defaultConfigurationName = Release;
		};
/* End XCConfigurationList section */
	};
	rootObject = B5A86D2F2698845800BD2DDA /* Project object */;
}
